<?xml version="1.0" encoding="utf-8"?>
<Project ToolsVersion="4.0" xmlns="http://schemas.microsoft.com/developer/msbuild/2003">
  <ItemGroup>
    <Filter Include="Source Files">
      <UniqueIdentifier>{4FC737F1-C7A5-4376-A066-2A32D752A2FF}</UniqueIdentifier>
      <Extensions>qml;cpp;c;cc;cxx;def;odl;idl;hpj;bat;asm;asmx</Extensions>
    </Filter>
    <Filter Include="Header Files">
      <UniqueIdentifier>{93995380-89BD-4b04-88EB-625FBE52EBFB}</UniqueIdentifier>
      <Extensions>h;hh;hpp;hxx;hm;inl;inc;xsd</Extensions>
    </Filter>
    <Filter Include="Resource Files">
      <UniqueIdentifier>{67DA6AB6-F800-4c08-8B7A-83BB121AAD01}</UniqueIdentifier>
      <Extensions>qrc;rc;ico;cur;bmp;dlg;rc2;rct;bin;rgs;gif;jpg;jpeg;jpe;resx;tiff;tif;png;wav;mfcribbon-ms</Extensions>
    </Filter>
    <Filter Include="Form Files">
      <UniqueIdentifier>{99349809-55BA-4b9d-BF79-8FDBB0286EB3}</UniqueIdentifier>
      <Extensions>ui</Extensions>
    </Filter>
    <Filter Include="Translation Files">
      <UniqueIdentifier>{639EADAA-A684-42e4-A9AD-28FC9BCB8F7C}</UniqueIdentifier>
      <Extensions>ts</Extensions>
    </Filter>
    <Filter Include="Source Files\camera_class">
      <UniqueIdentifier>{2acde27b-d7b0-462d-b47c-583f1f179a9f}</UniqueIdentifier>
    </Filter>
    <Filter Include="Source Files\camera_manager">
      <UniqueIdentifier>{46515dc1-78b9-491c-a178-1fed6bb67f02}</UniqueIdentifier>
    </Filter>
    <Filter Include="Source Files\camera_common">
      <UniqueIdentifier>{440721a2-ee54-47fd-8090-8a3f7b6b43ed}</UniqueIdentifier>
    </Filter>
    <Filter Include="Source Files\camera_class\CameraSingleFileOpenCV">
      <UniqueIdentifier>{4e68a037-412e-46f2-8cd2-3f106781d19a}</UniqueIdentifier>
    </Filter>
    <Filter Include="Source Files\camera_class\CameraMultiFilesOpenCV">
      <UniqueIdentifier>{45d13628-cf47-4a60-baff-ddd03be54276}</UniqueIdentifier>
    </Filter>
    <Filter Include="Source Files\camera_manager\normal">
      <UniqueIdentifier>{c0487e54-6dfc-40f0-8ccb-42a4d732ba44}</UniqueIdentifier>
    </Filter>
  </ItemGroup>
  <ItemGroup>
    <ClInclude Include="camera_capture_global.h">
      <Filter>Header Files</Filter>
    </ClInclude>
    <QtMoc Include="camera_capture.h">
      <Filter>Header Files</Filter>
    </QtMoc>
    <ClCompile Include="camera_capture.cpp">
      <Filter>Source Files</Filter>
    </ClCompile>
    <ClInclude Include="source\camera_common\camera_common_enum.h">
      <Filter>Source Files\camera_common</Filter>
    </ClInclude>
    <ClInclude Include="source\camera_common\camera_common_struct.h">
      <Filter>Source Files\camera_common</Filter>
    </ClInclude>
  </ItemGroup>
  <ItemGroup>
    <ClCompile Include="source\camera_class\camera_base.cpp">
      <Filter>Source Files\camera_class</Filter>
    </ClCompile>
    <ClCompile Include="source\camera_manager\camera_manager_base.cpp">
      <Filter>Source Files\camera_manager</Filter>
    </ClCompile>
    <ClCompile Include="source\camera_class\CameraMultiFilesOpenCV\CameraMultiFilesOpenCV.cpp">
      <Filter>Source Files\camera_class\CameraMultiFilesOpenCV</Filter>
    </ClCompile>
    <ClCompile Include="source\camera_class\CameraSingleFileOpenCV\CameraSingleFileOpenCV.cpp">
      <Filter>Source Files\camera_class\CameraSingleFileOpenCV</Filter>
    </ClCompile>
    <ClCompile Include="source\camera_manager\normal\CameraManagerNormal.cpp">
      <Filter>Source Files\camera_manager\normal</Filter>
    </ClCompile>
  </ItemGroup>
  <ItemGroup>
    <QtMoc Include="source\camera_class\camera_base.h">
      <Filter>Source Files\camera_class</Filter>
    </QtMoc>
    <QtMoc Include="source\camera_class\CameraSingleFileOpenCV\CameraSingleFileOpenCV.h">
      <Filter>Source Files\camera_class\CameraSingleFileOpenCV</Filter>
    </QtMoc>
    <QtMoc Include="source\camera_class\CameraMultiFilesOpenCV\CameraMultiFilesOpenCV.h">
      <Filter>Source Files\camera_class\CameraMultiFilesOpenCV</Filter>
    </QtMoc>
    <QtMoc Include="source\camera_manager\camera_manager_base.h">
      <Filter>Source Files\camera_manager</Filter>
    </QtMoc>
    <QtMoc Include="source\camera_manager\normal\CameraManagerNormal.h">
      <Filter>Source Files\camera_manager\normal</Filter>
    </QtMoc>
  </ItemGroup>
</Project>