<?xml version="1.0" encoding="utf-8"?>
<Project ToolsVersion="4.0" xmlns="http://schemas.microsoft.com/developer/msbuild/2003">
  <ItemGroup>
    <Filter Include="Source Files">
      <UniqueIdentifier>{4FC737F1-C7A5-4376-A066-2A32D752A2FF}</UniqueIdentifier>
      <Extensions>qml;cpp;c;cc;cxx;def;odl;idl;hpj;bat;asm;asmx</Extensions>
    </Filter>
    <Filter Include="Header Files">
      <UniqueIdentifier>{93995380-89BD-4b04-88EB-625FBE52EBFB}</UniqueIdentifier>
      <Extensions>h;hh;hpp;hxx;hm;inl;inc;xsd</Extensions>
    </Filter>
    <Filter Include="Resource Files">
      <UniqueIdentifier>{67DA6AB6-F800-4c08-8B7A-83BB121AAD01}</UniqueIdentifier>
      <Extensions>qrc;rc;ico;cur;bmp;dlg;rc2;rct;bin;rgs;gif;jpg;jpeg;jpe;resx;tiff;tif;png;wav;mfcribbon-ms</Extensions>
    </Filter>
    <Filter Include="Form Files">
      <UniqueIdentifier>{99349809-55BA-4b9d-BF79-8FDBB0286EB3}</UniqueIdentifier>
      <Extensions>ui</Extensions>
    </Filter>
    <Filter Include="Translation Files">
      <UniqueIdentifier>{639EADAA-A684-42e4-A9AD-28FC9BCB8F7C}</UniqueIdentifier>
      <Extensions>ts</Extensions>
    </Filter>
    <Filter Include="Source Files\file_operator">
      <UniqueIdentifier>{acd1c82d-ea2f-4275-ae49-659b30bb71ee}</UniqueIdentifier>
    </Filter>
    <Filter Include="Source Files\tool_common">
      <UniqueIdentifier>{3800fcd6-3142-4f2b-aa25-34e5496f55c8}</UniqueIdentifier>
    </Filter>
    <Filter Include="Source Files\convert_image">
      <UniqueIdentifier>{5035848c-e3a6-4c43-ab74-2df8a6114f9b}</UniqueIdentifier>
    </Filter>
    <Filter Include="Source Files\common_transform">
      <UniqueIdentifier>{14be8e2c-4aab-4a1c-b960-65c0fb622244}</UniqueIdentifier>
    </Filter>
    <Filter Include="Source Files\common_judge">
      <UniqueIdentifier>{8d56cc53-df85-4474-8fa6-5ec9b8e5a34e}</UniqueIdentifier>
    </Filter>
    <Filter Include="Source Files\normal_tool">
      <UniqueIdentifier>{69c5684f-f4c9-433a-86b9-3dc295598105}</UniqueIdentifier>
    </Filter>
    <Filter Include="Source Files\common_measure">
      <UniqueIdentifier>{9fc9706b-4436-4f37-8ec7-0dd0b1ec50b8}</UniqueIdentifier>
    </Filter>
    <Filter Include="Source Files\settings">
      <UniqueIdentifier>{a9dd003f-5c95-45b8-ba5c-ed95a9b08386}</UniqueIdentifier>
    </Filter>
  </ItemGroup>
  <ItemGroup>
    <ClInclude Include="common_tool_global.h">
      <Filter>Header Files</Filter>
    </ClInclude>
    <QtMoc Include="common_tool.h">
      <Filter>Header Files</Filter>
    </QtMoc>
    <ClCompile Include="common_tool.cpp">
      <Filter>Source Files</Filter>
    </ClCompile>
    <ClInclude Include="source\tool_common\tool_common_define.h">
      <Filter>Source Files\tool_common</Filter>
    </ClInclude>
    <ClInclude Include="source\tool_common\tool_common_enum.h">
      <Filter>Source Files\tool_common</Filter>
    </ClInclude>
    <ClInclude Include="source\tool_common\tool_common_struct.h">
      <Filter>Source Files\tool_common</Filter>
    </ClInclude>
  </ItemGroup>
  <ItemGroup>
    <ClCompile Include="source\file_operator\FileOperator.cpp">
      <Filter>Source Files\file_operator</Filter>
    </ClCompile>
    <ClCompile Include="source\convert_image\ConvertImage.cpp">
      <Filter>Source Files\convert_image</Filter>
    </ClCompile>
    <ClCompile Include="source\common_transform\CommonTransform.cpp">
      <Filter>Source Files\common_transform</Filter>
    </ClCompile>
    <ClCompile Include="source\common_judge\CommonJudge.cpp">
      <Filter>Source Files\common_judge</Filter>
    </ClCompile>
    <ClCompile Include="source\normal_tool\NormalTool.cpp">
      <Filter>Source Files\normal_tool</Filter>
    </ClCompile>
    <ClCompile Include="source\common_transform\CommonAffineOperator.cpp">
      <Filter>Source Files\common_transform</Filter>
    </ClCompile>
    <ClCompile Include="source\common_transform\CvAffineTransform.cpp">
      <Filter>Source Files\common_transform</Filter>
    </ClCompile>
    <ClCompile Include="source\common_measure\OneDimensionMeasure.cpp">
      <Filter>Source Files\common_measure</Filter>
    </ClCompile>
    <ClCompile Include="source\settings\ini_file.cpp">
      <Filter>Source Files\settings</Filter>
    </ClCompile>
  </ItemGroup>
  <ItemGroup>
    <QtMoc Include="source\file_operator\FileOperator.h">
      <Filter>Source Files\file_operator</Filter>
    </QtMoc>
    <QtMoc Include="source\convert_image\ConvertImage.h">
      <Filter>Source Files\convert_image</Filter>
    </QtMoc>
    <QtMoc Include="source\common_transform\CommonTransform.h">
      <Filter>Source Files\common_transform</Filter>
    </QtMoc>
    <QtMoc Include="source\common_judge\CommonJudge.h">
      <Filter>Source Files\common_judge</Filter>
    </QtMoc>
    <QtMoc Include="source\normal_tool\NormalTool.h">
      <Filter>Source Files\normal_tool</Filter>
    </QtMoc>
    <QtMoc Include="source\common_transform\CommonAffineOperator.h">
      <Filter>Source Files\common_transform</Filter>
    </QtMoc>
    <QtMoc Include="source\common_transform\CvAffineTransform.h">
      <Filter>Source Files\common_transform</Filter>
    </QtMoc>
    <QtMoc Include="source\common_measure\OneDimensionMeasure.h">
      <Filter>Source Files\common_measure</Filter>
    </QtMoc>
    <QtMoc Include="source\settings\ini_file.h">
      <Filter>Source Files\settings</Filter>
    </QtMoc>
  </ItemGroup>
</Project>