
Microsoft Visual Studio Solution File, Format Version 12.00
# Visual Studio Version 16
VisualStudioVersion = 16.0.33214.272
MinimumVisualStudioVersion = 10.0.40219.1
Project("{8BC9CEB8-8B4A-11D0-8D11-00A0C91BC942}") = "QingP_MachineVision", "QingP_MachineVision\QingP_MachineVision.vcxproj", "{E479FD86-764A-4796-A7E0-8D3B0CBE6BDD}"
EndProject
Project("{8BC9CEB8-8B4A-11D0-8D11-00A0C91BC942}") = "algorithm_operator", "algorithm_operator\algorithm_operator.vcxproj", "{7FC31A0D-89DF-4513-A4A6-52584A488794}"
EndProject
Project("{8BC9CEB8-8B4A-11D0-8D11-00A0C91BC942}") = "algorithm_kit", "algorithm_kit\algorithm_kit.vcxproj", "{1EE3FDA9-2B51-467C-8597-F9D6D4D2EA92}"
EndProject
Project("{8BC9CEB8-8B4A-11D0-8D11-00A0C91BC942}") = "camera_capture", "camera_capture\camera_capture.vcxproj", "{46B4F776-019E-4185-8AA3-CB7F9306FF19}"
EndProject
Project("{8BC9CEB8-8B4A-11D0-8D11-00A0C91BC942}") = "common_tool", "common_tool\common_tool.vcxproj", "{60FDBB3B-43A0-4DC7-BFB8-044FFC19DDA3}"
EndProject
Project("{2150E333-8FDC-42A3-9474-1A3956D46DE8}") = "small_tool", "small_tool", "{FC99609E-616B-4FF4-B2D3-8D14088A6252}"
EndProject
Project("{8BC9CEB8-8B4A-11D0-8D11-00A0C91BC942}") = "combine_capture", "combine_capture\combine_capture.vcxproj", "{41417314-72D0-4C30-935C-D2F1D6427F0B}"
EndProject
Project("{8BC9CEB8-8B4A-11D0-8D11-00A0C91BC942}") = "save_load_image", "save_load_image\save_load_image.vcxproj", "{EE8B1140-30C1-4A0B-A7BC-F4A2754B821B}"
EndProject
Project("{2150E333-8FDC-42A3-9474-1A3956D46DE8}") = "example", "example", "{AE7AD40C-F2FA-47F3-95DB-CE14924A2AF9}"
EndProject
Project("{2150E333-8FDC-42A3-9474-1A3956D46DE8}") = "test", "test", "{A46C1B3C-865F-491B-947C-A0F1E51EB565}"
EndProject
Project("{8BC9CEB8-8B4A-11D0-8D11-00A0C91BC942}") = "example_template", "example_module\example_template\example_template.vcxproj", "{054D04C5-90D3-4B4B-ABA4-EC8C86A4B1D4}"
EndProject
Project("{8BC9CEB8-8B4A-11D0-8D11-00A0C91BC942}") = "test_template", "test_module\test_template\test_template.vcxproj", "{F9CDDB51-CC28-42DD-9171-16B53FA7DF8E}"
EndProject
Project("{8BC9CEB8-8B4A-11D0-8D11-00A0C91BC942}") = "small_tool_template", "small_tool\small_tool_template\small_tool_template.vcxproj", "{3F10F351-3CA8-4D83-9FF9-7BAC3B01B9AB}"
EndProject
Project("{8BC9CEB8-8B4A-11D0-8D11-00A0C91BC942}") = "example_simple_vision_detect_flow", "example_module\example_simple_vision_detect_flow\example_simple_vision_detect_flow.vcxproj", "{7CF2F290-E985-4D7D-A6C4-6923406B7C72}"
EndProject
Project("{8BC9CEB8-8B4A-11D0-8D11-00A0C91BC942}") = "test_opengl_environment", "test_module\test_opengl_environment\test_opengl_environment.vcxproj", "{A637EABD-D1D2-4AD0-83E0-650B9A8E4E18}"
EndProject
Project("{8BC9CEB8-8B4A-11D0-8D11-00A0C91BC942}") = "test_log4cplus", "test_module\test_log4cplus\test_log4cplus.vcxproj", "{5612F967-158A-4248-B92F-ADF0E0FFB5B2}"
EndProject
Project("{8BC9CEB8-8B4A-11D0-8D11-00A0C91BC942}") = "communication_tool", "communication_tool\communication_tool.vcxproj", "{21FE405F-3724-4153-9CBB-AB84D5F039F0}"
EndProject
Project("{8BC9CEB8-8B4A-11D0-8D11-00A0C91BC942}") = "test_simple_tcp_client", "test_module\test_simple_tcp_client\test_simple_tcp_client.vcxproj", "{F859F666-A343-4DD7-9F12-BB54F876AE74}"
EndProject
Project("{8BC9CEB8-8B4A-11D0-8D11-00A0C91BC942}") = "test_simple_tcp_server", "test_module\test_simple_tcp_server\test_simple_tcp_server.vcxproj", "{C0B754DE-CCF9-4F76-9045-2F3087FB9590}"
EndProject
Project("{8BC9CEB8-8B4A-11D0-8D11-00A0C91BC942}") = "test_pytorch_env", "test_module\test_pytorch_env\test_pytorch_env.vcxproj", "{BE7D2C80-03D4-4375-9FE1-A22BECD47957}"
EndProject
Project("{8BC9CEB8-8B4A-11D0-8D11-00A0C91BC942}") = "test_pcl1121_environment", "test_module\test_pcl1121_environment\test_pcl1121_environment.vcxproj", "{ADDA5D03-E275-4F6C-B336-5CFBED009E5B}"
EndProject
Project("{8BC9CEB8-8B4A-11D0-8D11-00A0C91BC942}") = "test_thrust_cuda_v11.6", "test_module\test_thrust_cuda_v11.6\test_thrust_cuda_v11.6.vcxproj", "{D8005E59-763F-4D2E-87A6-F6259232F959}"
EndProject
Project("{8BC9CEB8-8B4A-11D0-8D11-00A0C91BC942}") = "example_stereo_calibration_opencv", "example_module\example_stereo_calibration_opencv\example_stereo_calibration_opencv.vcxproj", "{C4205C17-4500-4D42-8EB1-1AF6EC9828CB}"
EndProject
Project("{8BC9CEB8-8B4A-11D0-8D11-00A0C91BC942}") = "example_stereo_match_opencv", "example_module\example_stereo_match_opencv\example_stereo_match_opencv.vcxproj", "{D16C0A18-0B46-4656-8AB2-19ABA31830DD}"
EndProject
Global
	GlobalSection(SolutionConfigurationPlatforms) = preSolution
		Debug|x64 = Debug|x64
		Debug|x86 = Debug|x86
		Release|x64 = Release|x64
		Release|x86 = Release|x86
	EndGlobalSection
	GlobalSection(ProjectConfigurationPlatforms) = postSolution
		{E479FD86-764A-4796-A7E0-8D3B0CBE6BDD}.Debug|x64.ActiveCfg = Debug|x64
		{E479FD86-764A-4796-A7E0-8D3B0CBE6BDD}.Debug|x64.Build.0 = Debug|x64
		{E479FD86-764A-4796-A7E0-8D3B0CBE6BDD}.Debug|x86.ActiveCfg = Debug|x64
		{E479FD86-764A-4796-A7E0-8D3B0CBE6BDD}.Release|x64.ActiveCfg = Release|x64
		{E479FD86-764A-4796-A7E0-8D3B0CBE6BDD}.Release|x64.Build.0 = Release|x64
		{E479FD86-764A-4796-A7E0-8D3B0CBE6BDD}.Release|x86.ActiveCfg = Release|x64
		{7FC31A0D-89DF-4513-A4A6-52584A488794}.Debug|x64.ActiveCfg = Debug|x64
		{7FC31A0D-89DF-4513-A4A6-52584A488794}.Debug|x64.Build.0 = Debug|x64
		{7FC31A0D-89DF-4513-A4A6-52584A488794}.Debug|x86.ActiveCfg = Debug|x64
		{7FC31A0D-89DF-4513-A4A6-52584A488794}.Release|x64.ActiveCfg = Release|x64
		{7FC31A0D-89DF-4513-A4A6-52584A488794}.Release|x64.Build.0 = Release|x64
		{7FC31A0D-89DF-4513-A4A6-52584A488794}.Release|x86.ActiveCfg = Release|x64
		{1EE3FDA9-2B51-467C-8597-F9D6D4D2EA92}.Debug|x64.ActiveCfg = Debug|x64
		{1EE3FDA9-2B51-467C-8597-F9D6D4D2EA92}.Debug|x64.Build.0 = Debug|x64
		{1EE3FDA9-2B51-467C-8597-F9D6D4D2EA92}.Debug|x86.ActiveCfg = Debug|x64
		{1EE3FDA9-2B51-467C-8597-F9D6D4D2EA92}.Release|x64.ActiveCfg = Release|x64
		{1EE3FDA9-2B51-467C-8597-F9D6D4D2EA92}.Release|x64.Build.0 = Release|x64
		{1EE3FDA9-2B51-467C-8597-F9D6D4D2EA92}.Release|x86.ActiveCfg = Release|x64
		{46B4F776-019E-4185-8AA3-CB7F9306FF19}.Debug|x64.ActiveCfg = Debug|x64
		{46B4F776-019E-4185-8AA3-CB7F9306FF19}.Debug|x64.Build.0 = Debug|x64
		{46B4F776-019E-4185-8AA3-CB7F9306FF19}.Debug|x86.ActiveCfg = Debug|x64
		{46B4F776-019E-4185-8AA3-CB7F9306FF19}.Release|x64.ActiveCfg = Release|x64
		{46B4F776-019E-4185-8AA3-CB7F9306FF19}.Release|x64.Build.0 = Release|x64
		{46B4F776-019E-4185-8AA3-CB7F9306FF19}.Release|x86.ActiveCfg = Release|x64
		{60FDBB3B-43A0-4DC7-BFB8-044FFC19DDA3}.Debug|x64.ActiveCfg = Debug|x64
		{60FDBB3B-43A0-4DC7-BFB8-044FFC19DDA3}.Debug|x64.Build.0 = Debug|x64
		{60FDBB3B-43A0-4DC7-BFB8-044FFC19DDA3}.Debug|x86.ActiveCfg = Debug|x64
		{60FDBB3B-43A0-4DC7-BFB8-044FFC19DDA3}.Release|x64.ActiveCfg = Release|x64
		{60FDBB3B-43A0-4DC7-BFB8-044FFC19DDA3}.Release|x64.Build.0 = Release|x64
		{60FDBB3B-43A0-4DC7-BFB8-044FFC19DDA3}.Release|x86.ActiveCfg = Release|x64
		{41417314-72D0-4C30-935C-D2F1D6427F0B}.Debug|x64.ActiveCfg = Debug|x64
		{41417314-72D0-4C30-935C-D2F1D6427F0B}.Debug|x64.Build.0 = Debug|x64
		{41417314-72D0-4C30-935C-D2F1D6427F0B}.Debug|x86.ActiveCfg = Debug|x64
		{41417314-72D0-4C30-935C-D2F1D6427F0B}.Release|x64.ActiveCfg = Release|x64
		{41417314-72D0-4C30-935C-D2F1D6427F0B}.Release|x64.Build.0 = Release|x64
		{41417314-72D0-4C30-935C-D2F1D6427F0B}.Release|x86.ActiveCfg = Release|x64
		{EE8B1140-30C1-4A0B-A7BC-F4A2754B821B}.Debug|x64.ActiveCfg = Debug|x64
		{EE8B1140-30C1-4A0B-A7BC-F4A2754B821B}.Debug|x64.Build.0 = Debug|x64
		{EE8B1140-30C1-4A0B-A7BC-F4A2754B821B}.Debug|x86.ActiveCfg = Debug|x64
		{EE8B1140-30C1-4A0B-A7BC-F4A2754B821B}.Release|x64.ActiveCfg = Release|x64
		{EE8B1140-30C1-4A0B-A7BC-F4A2754B821B}.Release|x64.Build.0 = Release|x64
		{EE8B1140-30C1-4A0B-A7BC-F4A2754B821B}.Release|x86.ActiveCfg = Release|x64
		{054D04C5-90D3-4B4B-ABA4-EC8C86A4B1D4}.Debug|x64.ActiveCfg = Debug|x64
		{054D04C5-90D3-4B4B-ABA4-EC8C86A4B1D4}.Debug|x64.Build.0 = Debug|x64
		{054D04C5-90D3-4B4B-ABA4-EC8C86A4B1D4}.Debug|x86.ActiveCfg = Debug|x64
		{054D04C5-90D3-4B4B-ABA4-EC8C86A4B1D4}.Release|x64.ActiveCfg = Release|x64
		{054D04C5-90D3-4B4B-ABA4-EC8C86A4B1D4}.Release|x64.Build.0 = Release|x64
		{054D04C5-90D3-4B4B-ABA4-EC8C86A4B1D4}.Release|x86.ActiveCfg = Release|x64
		{F9CDDB51-CC28-42DD-9171-16B53FA7DF8E}.Debug|x64.ActiveCfg = Debug|x64
		{F9CDDB51-CC28-42DD-9171-16B53FA7DF8E}.Debug|x64.Build.0 = Debug|x64
		{F9CDDB51-CC28-42DD-9171-16B53FA7DF8E}.Debug|x86.ActiveCfg = Debug|x64
		{F9CDDB51-CC28-42DD-9171-16B53FA7DF8E}.Release|x64.ActiveCfg = Release|x64
		{F9CDDB51-CC28-42DD-9171-16B53FA7DF8E}.Release|x64.Build.0 = Release|x64
		{F9CDDB51-CC28-42DD-9171-16B53FA7DF8E}.Release|x86.ActiveCfg = Release|x64
		{3F10F351-3CA8-4D83-9FF9-7BAC3B01B9AB}.Debug|x64.ActiveCfg = Debug|x64
		{3F10F351-3CA8-4D83-9FF9-7BAC3B01B9AB}.Debug|x64.Build.0 = Debug|x64
		{3F10F351-3CA8-4D83-9FF9-7BAC3B01B9AB}.Debug|x86.ActiveCfg = Debug|x64
		{3F10F351-3CA8-4D83-9FF9-7BAC3B01B9AB}.Release|x64.ActiveCfg = Release|x64
		{3F10F351-3CA8-4D83-9FF9-7BAC3B01B9AB}.Release|x64.Build.0 = Release|x64
		{3F10F351-3CA8-4D83-9FF9-7BAC3B01B9AB}.Release|x86.ActiveCfg = Release|x64
		{7CF2F290-E985-4D7D-A6C4-6923406B7C72}.Debug|x64.ActiveCfg = Debug|x64
		{7CF2F290-E985-4D7D-A6C4-6923406B7C72}.Debug|x64.Build.0 = Debug|x64
		{7CF2F290-E985-4D7D-A6C4-6923406B7C72}.Debug|x86.ActiveCfg = Debug|x64
		{7CF2F290-E985-4D7D-A6C4-6923406B7C72}.Release|x64.ActiveCfg = Release|x64
		{7CF2F290-E985-4D7D-A6C4-6923406B7C72}.Release|x64.Build.0 = Release|x64
		{7CF2F290-E985-4D7D-A6C4-6923406B7C72}.Release|x86.ActiveCfg = Release|x64
		{A637EABD-D1D2-4AD0-83E0-650B9A8E4E18}.Debug|x64.ActiveCfg = Debug|x64
		{A637EABD-D1D2-4AD0-83E0-650B9A8E4E18}.Debug|x64.Build.0 = Debug|x64
		{A637EABD-D1D2-4AD0-83E0-650B9A8E4E18}.Debug|x86.ActiveCfg = Debug|Win32
		{A637EABD-D1D2-4AD0-83E0-650B9A8E4E18}.Debug|x86.Build.0 = Debug|Win32
		{A637EABD-D1D2-4AD0-83E0-650B9A8E4E18}.Release|x64.ActiveCfg = Release|x64
		{A637EABD-D1D2-4AD0-83E0-650B9A8E4E18}.Release|x64.Build.0 = Release|x64
		{A637EABD-D1D2-4AD0-83E0-650B9A8E4E18}.Release|x86.ActiveCfg = Release|Win32
		{A637EABD-D1D2-4AD0-83E0-650B9A8E4E18}.Release|x86.Build.0 = Release|Win32
		{5612F967-158A-4248-B92F-ADF0E0FFB5B2}.Debug|x64.ActiveCfg = Debug|x64
		{5612F967-158A-4248-B92F-ADF0E0FFB5B2}.Debug|x64.Build.0 = Debug|x64
		{5612F967-158A-4248-B92F-ADF0E0FFB5B2}.Debug|x86.ActiveCfg = Debug|Win32
		{5612F967-158A-4248-B92F-ADF0E0FFB5B2}.Debug|x86.Build.0 = Debug|Win32
		{5612F967-158A-4248-B92F-ADF0E0FFB5B2}.Release|x64.ActiveCfg = Release|x64
		{5612F967-158A-4248-B92F-ADF0E0FFB5B2}.Release|x64.Build.0 = Release|x64
		{5612F967-158A-4248-B92F-ADF0E0FFB5B2}.Release|x86.ActiveCfg = Release|Win32
		{5612F967-158A-4248-B92F-ADF0E0FFB5B2}.Release|x86.Build.0 = Release|Win32
		{21FE405F-3724-4153-9CBB-AB84D5F039F0}.Debug|x64.ActiveCfg = Debug|x64
		{21FE405F-3724-4153-9CBB-AB84D5F039F0}.Debug|x64.Build.0 = Debug|x64
		{21FE405F-3724-4153-9CBB-AB84D5F039F0}.Debug|x86.ActiveCfg = Debug|x64
		{21FE405F-3724-4153-9CBB-AB84D5F039F0}.Release|x64.ActiveCfg = Release|x64
		{21FE405F-3724-4153-9CBB-AB84D5F039F0}.Release|x64.Build.0 = Release|x64
		{21FE405F-3724-4153-9CBB-AB84D5F039F0}.Release|x86.ActiveCfg = Release|x64
		{F859F666-A343-4DD7-9F12-BB54F876AE74}.Debug|x64.ActiveCfg = Debug|x64
		{F859F666-A343-4DD7-9F12-BB54F876AE74}.Debug|x64.Build.0 = Debug|x64
		{F859F666-A343-4DD7-9F12-BB54F876AE74}.Debug|x86.ActiveCfg = Debug|x64
		{F859F666-A343-4DD7-9F12-BB54F876AE74}.Release|x64.ActiveCfg = Release|x64
		{F859F666-A343-4DD7-9F12-BB54F876AE74}.Release|x64.Build.0 = Release|x64
		{F859F666-A343-4DD7-9F12-BB54F876AE74}.Release|x86.ActiveCfg = Release|x64
		{C0B754DE-CCF9-4F76-9045-2F3087FB9590}.Debug|x64.ActiveCfg = Debug|x64
		{C0B754DE-CCF9-4F76-9045-2F3087FB9590}.Debug|x64.Build.0 = Debug|x64
		{C0B754DE-CCF9-4F76-9045-2F3087FB9590}.Debug|x86.ActiveCfg = Debug|x64
		{C0B754DE-CCF9-4F76-9045-2F3087FB9590}.Release|x64.ActiveCfg = Release|x64
		{C0B754DE-CCF9-4F76-9045-2F3087FB9590}.Release|x64.Build.0 = Release|x64
		{C0B754DE-CCF9-4F76-9045-2F3087FB9590}.Release|x86.ActiveCfg = Release|x64
		{BE7D2C80-03D4-4375-9FE1-A22BECD47957}.Debug|x64.ActiveCfg = Debug|x64
		{BE7D2C80-03D4-4375-9FE1-A22BECD47957}.Debug|x64.Build.0 = Debug|x64
		{BE7D2C80-03D4-4375-9FE1-A22BECD47957}.Debug|x86.ActiveCfg = Debug|x64
		{BE7D2C80-03D4-4375-9FE1-A22BECD47957}.Release|x64.ActiveCfg = Release|x64
		{BE7D2C80-03D4-4375-9FE1-A22BECD47957}.Release|x64.Build.0 = Release|x64
		{BE7D2C80-03D4-4375-9FE1-A22BECD47957}.Release|x86.ActiveCfg = Release|x64
		{ADDA5D03-E275-4F6C-B336-5CFBED009E5B}.Debug|x64.ActiveCfg = Debug|x64
		{ADDA5D03-E275-4F6C-B336-5CFBED009E5B}.Debug|x64.Build.0 = Debug|x64
		{ADDA5D03-E275-4F6C-B336-5CFBED009E5B}.Debug|x86.ActiveCfg = Debug|Win32
		{ADDA5D03-E275-4F6C-B336-5CFBED009E5B}.Debug|x86.Build.0 = Debug|Win32
		{ADDA5D03-E275-4F6C-B336-5CFBED009E5B}.Release|x64.ActiveCfg = Release|x64
		{ADDA5D03-E275-4F6C-B336-5CFBED009E5B}.Release|x64.Build.0 = Release|x64
		{ADDA5D03-E275-4F6C-B336-5CFBED009E5B}.Release|x86.ActiveCfg = Release|Win32
		{ADDA5D03-E275-4F6C-B336-5CFBED009E5B}.Release|x86.Build.0 = Release|Win32
		{D8005E59-763F-4D2E-87A6-F6259232F959}.Debug|x64.ActiveCfg = Debug|x64
		{D8005E59-763F-4D2E-87A6-F6259232F959}.Debug|x64.Build.0 = Debug|x64
		{D8005E59-763F-4D2E-87A6-F6259232F959}.Debug|x86.ActiveCfg = Debug|Win32
		{D8005E59-763F-4D2E-87A6-F6259232F959}.Debug|x86.Build.0 = Debug|Win32
		{D8005E59-763F-4D2E-87A6-F6259232F959}.Release|x64.ActiveCfg = Release|x64
		{D8005E59-763F-4D2E-87A6-F6259232F959}.Release|x64.Build.0 = Release|x64
		{D8005E59-763F-4D2E-87A6-F6259232F959}.Release|x86.ActiveCfg = Release|Win32
		{D8005E59-763F-4D2E-87A6-F6259232F959}.Release|x86.Build.0 = Release|Win32
		{C4205C17-4500-4D42-8EB1-1AF6EC9828CB}.Debug|x64.ActiveCfg = Debug|x64
		{C4205C17-4500-4D42-8EB1-1AF6EC9828CB}.Debug|x64.Build.0 = Debug|x64
		{C4205C17-4500-4D42-8EB1-1AF6EC9828CB}.Debug|x86.ActiveCfg = Debug|Win32
		{C4205C17-4500-4D42-8EB1-1AF6EC9828CB}.Debug|x86.Build.0 = Debug|Win32
		{C4205C17-4500-4D42-8EB1-1AF6EC9828CB}.Release|x64.ActiveCfg = Release|x64
		{C4205C17-4500-4D42-8EB1-1AF6EC9828CB}.Release|x64.Build.0 = Release|x64
		{C4205C17-4500-4D42-8EB1-1AF6EC9828CB}.Release|x86.ActiveCfg = Release|Win32
		{C4205C17-4500-4D42-8EB1-1AF6EC9828CB}.Release|x86.Build.0 = Release|Win32
		{D16C0A18-0B46-4656-8AB2-19ABA31830DD}.Debug|x64.ActiveCfg = Debug|x64
		{D16C0A18-0B46-4656-8AB2-19ABA31830DD}.Debug|x64.Build.0 = Debug|x64
		{D16C0A18-0B46-4656-8AB2-19ABA31830DD}.Debug|x86.ActiveCfg = Debug|Win32
		{D16C0A18-0B46-4656-8AB2-19ABA31830DD}.Debug|x86.Build.0 = Debug|Win32
		{D16C0A18-0B46-4656-8AB2-19ABA31830DD}.Release|x64.ActiveCfg = Release|x64
		{D16C0A18-0B46-4656-8AB2-19ABA31830DD}.Release|x64.Build.0 = Release|x64
		{D16C0A18-0B46-4656-8AB2-19ABA31830DD}.Release|x86.ActiveCfg = Release|Win32
		{D16C0A18-0B46-4656-8AB2-19ABA31830DD}.Release|x86.Build.0 = Release|Win32
	EndGlobalSection
	GlobalSection(SolutionProperties) = preSolution
		HideSolutionNode = FALSE
	EndGlobalSection
	GlobalSection(NestedProjects) = preSolution
		{054D04C5-90D3-4B4B-ABA4-EC8C86A4B1D4} = {AE7AD40C-F2FA-47F3-95DB-CE14924A2AF9}
		{F9CDDB51-CC28-42DD-9171-16B53FA7DF8E} = {A46C1B3C-865F-491B-947C-A0F1E51EB565}
		{3F10F351-3CA8-4D83-9FF9-7BAC3B01B9AB} = {FC99609E-616B-4FF4-B2D3-8D14088A6252}
		{7CF2F290-E985-4D7D-A6C4-6923406B7C72} = {AE7AD40C-F2FA-47F3-95DB-CE14924A2AF9}
		{A637EABD-D1D2-4AD0-83E0-650B9A8E4E18} = {A46C1B3C-865F-491B-947C-A0F1E51EB565}
		{5612F967-158A-4248-B92F-ADF0E0FFB5B2} = {A46C1B3C-865F-491B-947C-A0F1E51EB565}
		{F859F666-A343-4DD7-9F12-BB54F876AE74} = {A46C1B3C-865F-491B-947C-A0F1E51EB565}
		{C0B754DE-CCF9-4F76-9045-2F3087FB9590} = {A46C1B3C-865F-491B-947C-A0F1E51EB565}
		{BE7D2C80-03D4-4375-9FE1-A22BECD47957} = {A46C1B3C-865F-491B-947C-A0F1E51EB565}
		{ADDA5D03-E275-4F6C-B336-5CFBED009E5B} = {A46C1B3C-865F-491B-947C-A0F1E51EB565}
		{D8005E59-763F-4D2E-87A6-F6259232F959} = {A46C1B3C-865F-491B-947C-A0F1E51EB565}
		{C4205C17-4500-4D42-8EB1-1AF6EC9828CB} = {AE7AD40C-F2FA-47F3-95DB-CE14924A2AF9}
		{D16C0A18-0B46-4656-8AB2-19ABA31830DD} = {AE7AD40C-F2FA-47F3-95DB-CE14924A2AF9}
	EndGlobalSection
	GlobalSection(ExtensibilityGlobals) = postSolution
		SolutionGuid = {1EF76439-4250-4568-A0ED-84FBC7B9BDC6}
	EndGlobalSection
EndGlobal
