
Microsoft Visual Studio Solution File, Format Version 12.00
# Visual Studio Version 16
VisualStudioVersion = 16.0.33214.272
MinimumVisualStudioVersion = 10.0.40219.1
Project("{8BC9CEB8-8B4A-11D0-8D11-00A0C91BC942}") = "QingP_MachineVision", "QingP_MachineVision\QingP_MachineVision.vcxproj", "{E479FD86-764A-4796-A7E0-8D3B0CBE6BDD}"
EndProject
Project("{8BC9CEB8-8B4A-11D0-8D11-00A0C91BC942}") = "algorithm_operator", "algorithm_operator\algorithm_operator.vcxproj", "{7FC31A0D-89DF-4513-A4A6-52584A488794}"
EndProject
Project("{8BC9CEB8-8B4A-11D0-8D11-00A0C91BC942}") = "algorithm_kit", "algorithm_kit\algorithm_kit.vcxproj", "{1EE3FDA9-2B51-467C-8597-F9D6D4D2EA92}"
EndProject
Project("{8BC9CEB8-8B4A-11D0-8D11-00A0C91BC942}") = "test_module", "test_module\test_module.vcxproj", "{5EFDE805-9017-4D97-8F6E-CB36C7F5B1F4}"
EndProject
Project("{8BC9CEB8-8B4A-11D0-8D11-00A0C91BC942}") = "example_module", "example_module\example_module.vcxproj", "{3812C273-B39C-4F5E-9979-3C30400E82B5}"
EndProject
Project("{8BC9CEB8-8B4A-11D0-8D11-00A0C91BC942}") = "camera_capture", "camera_capture\camera_capture.vcxproj", "{46B4F776-019E-4185-8AA3-CB7F9306FF19}"
EndProject
Project("{8BC9CEB8-8B4A-11D0-8D11-00A0C91BC942}") = "common_tool", "common_tool\common_tool.vcxproj", "{60FDBB3B-43A0-4DC7-BFB8-044FFC19DDA3}"
EndProject
Project("{2150E333-8FDC-42A3-9474-1A3956D46DE8}") = "small_tool", "small_tool", "{FC99609E-616B-4FF4-B2D3-8D14088A6252}"
EndProject
Project("{8BC9CEB8-8B4A-11D0-8D11-00A0C91BC942}") = "combine_capture", "combine_capture\combine_capture.vcxproj", "{41417314-72D0-4C30-935C-D2F1D6427F0B}"
EndProject
Project("{8BC9CEB8-8B4A-11D0-8D11-00A0C91BC942}") = "save_load_image", "save_load_image\save_load_image.vcxproj", "{EE8B1140-30C1-4A0B-A7BC-F4A2754B821B}"
EndProject
Global
	GlobalSection(SolutionConfigurationPlatforms) = preSolution
		Debug|x64 = Debug|x64
		Release|x64 = Release|x64
	EndGlobalSection
	GlobalSection(ProjectConfigurationPlatforms) = postSolution
		{E479FD86-764A-4796-A7E0-8D3B0CBE6BDD}.Debug|x64.ActiveCfg = Debug|x64
		{E479FD86-764A-4796-A7E0-8D3B0CBE6BDD}.Debug|x64.Build.0 = Debug|x64
		{E479FD86-764A-4796-A7E0-8D3B0CBE6BDD}.Release|x64.ActiveCfg = Release|x64
		{E479FD86-764A-4796-A7E0-8D3B0CBE6BDD}.Release|x64.Build.0 = Release|x64
		{7FC31A0D-89DF-4513-A4A6-52584A488794}.Debug|x64.ActiveCfg = Debug|x64
		{7FC31A0D-89DF-4513-A4A6-52584A488794}.Debug|x64.Build.0 = Debug|x64
		{7FC31A0D-89DF-4513-A4A6-52584A488794}.Release|x64.ActiveCfg = Release|x64
		{7FC31A0D-89DF-4513-A4A6-52584A488794}.Release|x64.Build.0 = Release|x64
		{1EE3FDA9-2B51-467C-8597-F9D6D4D2EA92}.Debug|x64.ActiveCfg = Debug|x64
		{1EE3FDA9-2B51-467C-8597-F9D6D4D2EA92}.Debug|x64.Build.0 = Debug|x64
		{1EE3FDA9-2B51-467C-8597-F9D6D4D2EA92}.Release|x64.ActiveCfg = Release|x64
		{1EE3FDA9-2B51-467C-8597-F9D6D4D2EA92}.Release|x64.Build.0 = Release|x64
		{5EFDE805-9017-4D97-8F6E-CB36C7F5B1F4}.Debug|x64.ActiveCfg = Debug|x64
		{5EFDE805-9017-4D97-8F6E-CB36C7F5B1F4}.Debug|x64.Build.0 = Debug|x64
		{5EFDE805-9017-4D97-8F6E-CB36C7F5B1F4}.Release|x64.ActiveCfg = Release|x64
		{5EFDE805-9017-4D97-8F6E-CB36C7F5B1F4}.Release|x64.Build.0 = Release|x64
		{3812C273-B39C-4F5E-9979-3C30400E82B5}.Debug|x64.ActiveCfg = Debug|x64
		{3812C273-B39C-4F5E-9979-3C30400E82B5}.Debug|x64.Build.0 = Debug|x64
		{3812C273-B39C-4F5E-9979-3C30400E82B5}.Release|x64.ActiveCfg = Release|x64
		{3812C273-B39C-4F5E-9979-3C30400E82B5}.Release|x64.Build.0 = Release|x64
		{46B4F776-019E-4185-8AA3-CB7F9306FF19}.Debug|x64.ActiveCfg = Debug|x64
		{46B4F776-019E-4185-8AA3-CB7F9306FF19}.Debug|x64.Build.0 = Debug|x64
		{46B4F776-019E-4185-8AA3-CB7F9306FF19}.Release|x64.ActiveCfg = Release|x64
		{46B4F776-019E-4185-8AA3-CB7F9306FF19}.Release|x64.Build.0 = Release|x64
		{60FDBB3B-43A0-4DC7-BFB8-044FFC19DDA3}.Debug|x64.ActiveCfg = Debug|x64
		{60FDBB3B-43A0-4DC7-BFB8-044FFC19DDA3}.Debug|x64.Build.0 = Debug|x64
		{60FDBB3B-43A0-4DC7-BFB8-044FFC19DDA3}.Release|x64.ActiveCfg = Release|x64
		{60FDBB3B-43A0-4DC7-BFB8-044FFC19DDA3}.Release|x64.Build.0 = Release|x64
		{41417314-72D0-4C30-935C-D2F1D6427F0B}.Debug|x64.ActiveCfg = Debug|x64
		{41417314-72D0-4C30-935C-D2F1D6427F0B}.Debug|x64.Build.0 = Debug|x64
		{41417314-72D0-4C30-935C-D2F1D6427F0B}.Release|x64.ActiveCfg = Release|x64
		{41417314-72D0-4C30-935C-D2F1D6427F0B}.Release|x64.Build.0 = Release|x64
		{EE8B1140-30C1-4A0B-A7BC-F4A2754B821B}.Debug|x64.ActiveCfg = Debug|x64
		{EE8B1140-30C1-4A0B-A7BC-F4A2754B821B}.Debug|x64.Build.0 = Debug|x64
		{EE8B1140-30C1-4A0B-A7BC-F4A2754B821B}.Release|x64.ActiveCfg = Release|x64
		{EE8B1140-30C1-4A0B-A7BC-F4A2754B821B}.Release|x64.Build.0 = Release|x64
	EndGlobalSection
	GlobalSection(SolutionProperties) = preSolution
		HideSolutionNode = FALSE
	EndGlobalSection
	GlobalSection(ExtensibilityGlobals) = postSolution
		SolutionGuid = {1EF76439-4250-4568-A0ED-84FBC7B9BDC6}
	EndGlobalSection
EndGlobal
