<?xml version="1.0" encoding="utf-8"?>
<Project ToolsVersion="4.0" xmlns="http://schemas.microsoft.com/developer/msbuild/2003">
  <ItemGroup>
    <Filter Include="Source Files">
      <UniqueIdentifier>{4FC737F1-C7A5-4376-A066-2A32D752A2FF}</UniqueIdentifier>
      <Extensions>qml;cpp;c;cc;cxx;def;odl;idl;hpj;bat;asm;asmx</Extensions>
    </Filter>
    <Filter Include="Header Files">
      <UniqueIdentifier>{93995380-89BD-4b04-88EB-625FBE52EBFB}</UniqueIdentifier>
      <Extensions>h;hh;hpp;hxx;hm;inl;inc;xsd</Extensions>
    </Filter>
    <Filter Include="Resource Files">
      <UniqueIdentifier>{67DA6AB6-F800-4c08-8B7A-83BB121AAD01}</UniqueIdentifier>
      <Extensions>qrc;rc;ico;cur;bmp;dlg;rc2;rct;bin;rgs;gif;jpg;jpeg;jpe;resx;tiff;tif;png;wav;mfcribbon-ms</Extensions>
    </Filter>
    <Filter Include="Form Files">
      <UniqueIdentifier>{99349809-55BA-4b9d-BF79-8FDBB0286EB3}</UniqueIdentifier>
      <Extensions>ui</Extensions>
    </Filter>
    <Filter Include="Translation Files">
      <UniqueIdentifier>{639EADAA-A684-42e4-A9AD-28FC9BCB8F7C}</UniqueIdentifier>
      <Extensions>ts</Extensions>
    </Filter>
    <Filter Include="Source Files\blob">
      <UniqueIdentifier>{5db95234-5b57-4590-97a8-498fb8caeb90}</UniqueIdentifier>
    </Filter>
    <Filter Include="Source Files\find_edge">
      <UniqueIdentifier>{3b447bcf-783d-46e1-91ce-f8fd55122f74}</UniqueIdentifier>
    </Filter>
    <Filter Include="Source Files\common">
      <UniqueIdentifier>{ea2147b0-934c-48ee-89e7-d6ef8b031d10}</UniqueIdentifier>
    </Filter>
  </ItemGroup>
  <ItemGroup>
    <ClInclude Include="algorithm_operator_global.h">
      <Filter>Header Files</Filter>
    </ClInclude>
    <QtMoc Include="algorithm_operator.h">
      <Filter>Header Files</Filter>
    </QtMoc>
    <ClCompile Include="algorithm_operator.cpp">
      <Filter>Source Files</Filter>
    </ClCompile>
    <ClInclude Include="source\algorithm_operator_common\algorithm_operator_common_define.h">
      <Filter>Source Files\common</Filter>
    </ClInclude>
    <ClInclude Include="source\algorithm_operator_common\algorithm_operator_common_enum.h">
      <Filter>Source Files\common</Filter>
    </ClInclude>
    <ClInclude Include="source\algorithm_operator_common\algorithm_operator_common_struct.h">
      <Filter>Source Files\common</Filter>
    </ClInclude>
    <ClInclude Include="source\find_edge\RansacAlgorithm.h">
      <Filter>Source Files\find_edge</Filter>
    </ClInclude>
  </ItemGroup>
  <ItemGroup>
    <ClCompile Include="source\blob\common_blob_inspect.cpp">
      <Filter>Source Files\blob</Filter>
    </ClCompile>
    <ClCompile Include="source\find_edge\bspline.cpp">
      <Filter>Source Files\find_edge</Filter>
    </ClCompile>
    <ClCompile Include="source\find_edge\cubicspline.cpp">
      <Filter>Source Files\find_edge</Filter>
    </ClCompile>
    <ClCompile Include="source\find_edge\EdgePointSpline.cpp">
      <Filter>Source Files\find_edge</Filter>
    </ClCompile>
    <ClCompile Include="source\find_edge\FindEdge.cpp">
      <Filter>Source Files\find_edge</Filter>
    </ClCompile>
    <ClCompile Include="source\find_edge\linesegmentdetector.cpp">
      <Filter>Source Files\find_edge</Filter>
    </ClCompile>
    <ClCompile Include="source\find_edge\RansacAlgorithm.cpp">
      <Filter>Source Files\find_edge</Filter>
    </ClCompile>
  </ItemGroup>
  <ItemGroup>
    <QtMoc Include="source\blob\common_blob_inspect.h">
      <Filter>Source Files\blob</Filter>
    </QtMoc>
    <QtMoc Include="source\find_edge\bspline.h">
      <Filter>Source Files\find_edge</Filter>
    </QtMoc>
    <QtMoc Include="source\find_edge\cubicspline.h">
      <Filter>Source Files\find_edge</Filter>
    </QtMoc>
    <QtMoc Include="source\find_edge\EdgePointSpline.h">
      <Filter>Source Files\find_edge</Filter>
    </QtMoc>
    <QtMoc Include="source\find_edge\linesegmentdetector.h">
      <Filter>Source Files\find_edge</Filter>
    </QtMoc>
    <QtMoc Include="source\find_edge\FindEdge.h">
      <Filter>Source Files\find_edge</Filter>
    </QtMoc>
  </ItemGroup>
</Project>